
Microsoft Visual Studio Solution File, Format Version 12.00
# Visual Studio Version 18
VisualStudioVersion = 18.0.11205.157 d18.0
MinimumVisualStudioVersion = 10.0.40219.1
Project("{2150E333-8FDC-42A3-9474-1A3956D46DE8}") = "SolutionItems", "SolutionItems", "{9FECA2A8-11D6-42E0-8D6C-4DD3F0B5E7CF}"
	ProjectSection(SolutionItems) = preProject
		.dockerignore = .dockerignore
		.gitignore = .gitignore
		build-and-deploy.ps1 = build-and-deploy.ps1
		cdk.context.json = cdk.context.json
		colots.txt = colots.txt
		MyCookbook.API\current_schema_export.sql = MyCookbook.API\current_schema_export.sql
		icon.png = icon.png
		LICENSE = LICENSE
		README.md = README.md
	EndProjectSection
EndProject
Project("{9A19103F-16F7-4668-BE54-9A1E7A4F7556}") = "MyCookbook.App", "MyCookbook.App\MyCookbook.App.csproj", "{632B19BB-20CF-4AAA-8FDB-CEA4D32F5E71}"
EndProject
Project("{9A19103F-16F7-4668-BE54-9A1E7A4F7556}") = "MyCookbook.API", "MyCookbook.API\MyCookbook.API.csproj", "{89E8AD5B-F3C5-4CA3-95D7-75FFE483EB67}"
EndProject
Project("{9A19103F-16F7-4668-BE54-9A1E7A4F7556}") = "MyCookbook.Common", "MyCookbook.Common\MyCookbook.Common.csproj", "{7BAEE245-0C90-479C-B104-4340BC0DB0B9}"
EndProject
Project("{9A19103F-16F7-4668-BE54-9A1E7A4F7556}") = "MyCookbook.Infrastructure", "MyCookbook.Infrastructure\MyCookbook.Infrastructure.csproj", "{3642183E-EEB1-4BB8-B72B-9B512888726E}"
EndProject
Project("{9A19103F-16F7-4668-BE54-9A1E7A4F7556}") = "MyCookbook.UnitTests", "MyCookbook.UnitTests\MyCookbook.UnitTests.csproj", "{386E7121-EA12-4794-BFD4-4F0F70036985}"
EndProject
Project("{2150E333-8FDC-42A3-9474-1A3956D46DE8}") = "Database", "Database", "{AA04F183-FD0B-453A-B798-62ED0F7AD335}"
	ProjectSection(SolutionItems) = preProject
		Database\current_schema_export.sql = Database\current_schema_export.sql
		Database\FreshMyCookbook.db = Database\FreshMyCookbook.db
		Database\migration.sql = Database\migration.sql
		Database\MyCookbook.db = Database\MyCookbook.db
	EndProjectSection
EndProject
Project("{FAE04EC0-301F-11D3-BF4B-00C04F79EFBC}") = "MyCookbook.Lambda", "MyCookbook.Lambda\MyCookbook.Lambda.csproj", "{B7D83A74-E85F-C1D4-32E4-035EC30BA836}"
EndProject
Global
	GlobalSection(SolutionConfigurationPlatforms) = preSolution
		Debug|Any CPU = Debug|Any CPU
		Debug|x64 = Debug|x64
		Debug|x86 = Debug|x86
		Release|Any CPU = Release|Any CPU
		Release|x64 = Release|x64
		Release|x86 = Release|x86
	EndGlobalSection
	GlobalSection(ProjectConfigurationPlatforms) = postSolution
		{632B19BB-20CF-4AAA-8FDB-CEA4D32F5E71}.Debug|Any CPU.ActiveCfg = Debug|Any CPU
		{632B19BB-20CF-4AAA-8FDB-CEA4D32F5E71}.Debug|Any CPU.Build.0 = Debug|Any CPU
		{632B19BB-20CF-4AAA-8FDB-CEA4D32F5E71}.Debug|Any CPU.Deploy.0 = Debug|Any CPU
		{632B19BB-20CF-4AAA-8FDB-CEA4D32F5E71}.Debug|x64.ActiveCfg = Debug|Any CPU
		{632B19BB-20CF-4AAA-8FDB-CEA4D32F5E71}.Debug|x64.Build.0 = Debug|Any CPU
		{632B19BB-20CF-4AAA-8FDB-CEA4D32F5E71}.Debug|x86.ActiveCfg = Debug|Any CPU
		{632B19BB-20CF-4AAA-8FDB-CEA4D32F5E71}.Debug|x86.Build.0 = Debug|Any CPU
		{632B19BB-20CF-4AAA-8FDB-CEA4D32F5E71}.Release|Any CPU.ActiveCfg = Release|Any CPU
		{632B19BB-20CF-4AAA-8FDB-CEA4D32F5E71}.Release|Any CPU.Build.0 = Release|Any CPU
		{632B19BB-20CF-4AAA-8FDB-CEA4D32F5E71}.Release|Any CPU.Deploy.0 = Release|Any CPU
		{632B19BB-20CF-4AAA-8FDB-CEA4D32F5E71}.Release|x64.ActiveCfg = Release|Any CPU
		{632B19BB-20CF-4AAA-8FDB-CEA4D32F5E71}.Release|x64.Build.0 = Release|Any CPU
		{632B19BB-20CF-4AAA-8FDB-CEA4D32F5E71}.Release|x86.ActiveCfg = Release|Any CPU
		{632B19BB-20CF-4AAA-8FDB-CEA4D32F5E71}.Release|x86.Build.0 = Release|Any CPU
		{89E8AD5B-F3C5-4CA3-95D7-75FFE483EB67}.Debug|Any CPU.ActiveCfg = Debug|Any CPU
		{89E8AD5B-F3C5-4CA3-95D7-75FFE483EB67}.Debug|Any CPU.Build.0 = Debug|Any CPU
		{89E8AD5B-F3C5-4CA3-95D7-75FFE483EB67}.Debug|x64.ActiveCfg = Debug|Any CPU
		{89E8AD5B-F3C5-4CA3-95D7-75FFE483EB67}.Debug|x64.Build.0 = Debug|Any CPU
		{89E8AD5B-F3C5-4CA3-95D7-75FFE483EB67}.Debug|x86.ActiveCfg = Debug|Any CPU
		{89E8AD5B-F3C5-4CA3-95D7-75FFE483EB67}.Debug|x86.Build.0 = Debug|Any CPU
		{89E8AD5B-F3C5-4CA3-95D7-75FFE483EB67}.Release|Any CPU.ActiveCfg = Release|Any CPU
		{89E8AD5B-F3C5-4CA3-95D7-75FFE483EB67}.Release|Any CPU.Build.0 = Release|Any CPU
		{89E8AD5B-F3C5-4CA3-95D7-75FFE483EB67}.Release|x64.ActiveCfg = Release|Any CPU
		{89E8AD5B-F3C5-4CA3-95D7-75FFE483EB67}.Release|x64.Build.0 = Release|Any CPU
		{89E8AD5B-F3C5-4CA3-95D7-75FFE483EB67}.Release|x86.ActiveCfg = Release|Any CPU
		{89E8AD5B-F3C5-4CA3-95D7-75FFE483EB67}.Release|x86.Build.0 = Release|Any CPU
		{7BAEE245-0C90-479C-B104-4340BC0DB0B9}.Debug|Any CPU.ActiveCfg = Debug|Any CPU
		{7BAEE245-0C90-479C-B104-4340BC0DB0B9}.Debug|Any CPU.Build.0 = Debug|Any CPU
		{7BAEE245-0C90-479C-B104-4340BC0DB0B9}.Debug|x64.ActiveCfg = Debug|Any CPU
		{7BAEE245-0C90-479C-B104-4340BC0DB0B9}.Debug|x64.Build.0 = Debug|Any CPU
		{7BAEE245-0C90-479C-B104-4340BC0DB0B9}.Debug|x86.ActiveCfg = Debug|Any CPU
		{7BAEE245-0C90-479C-B104-4340BC0DB0B9}.Debug|x86.Build.0 = Debug|Any CPU
		{7BAEE245-0C90-479C-B104-4340BC0DB0B9}.Release|Any CPU.ActiveCfg = Release|Any CPU
		{7BAEE245-0C90-479C-B104-4340BC0DB0B9}.Release|Any CPU.Build.0 = Release|Any CPU
		{7BAEE245-0C90-479C-B104-4340BC0DB0B9}.Release|x64.ActiveCfg = Release|Any CPU
		{7BAEE245-0C90-479C-B104-4340BC0DB0B9}.Release|x64.Build.0 = Release|Any CPU
		{7BAEE245-0C90-479C-B104-4340BC0DB0B9}.Release|x86.ActiveCfg = Release|Any CPU
		{7BAEE245-0C90-479C-B104-4340BC0DB0B9}.Release|x86.Build.0 = Release|Any CPU
		{3642183E-EEB1-4BB8-B72B-9B512888726E}.Debug|Any CPU.ActiveCfg = Debug|Any CPU
		{3642183E-EEB1-4BB8-B72B-9B512888726E}.Debug|Any CPU.Build.0 = Debug|Any CPU
		{3642183E-EEB1-4BB8-B72B-9B512888726E}.Debug|x64.ActiveCfg = Debug|Any CPU
		{3642183E-EEB1-4BB8-B72B-9B512888726E}.Debug|x64.Build.0 = Debug|Any CPU
		{3642183E-EEB1-4BB8-B72B-9B512888726E}.Debug|x86.ActiveCfg = Debug|Any CPU
		{3642183E-EEB1-4BB8-B72B-9B512888726E}.Debug|x86.Build.0 = Debug|Any CPU
		{3642183E-EEB1-4BB8-B72B-9B512888726E}.Release|Any CPU.ActiveCfg = Release|Any CPU
		{3642183E-EEB1-4BB8-B72B-9B512888726E}.Release|Any CPU.Build.0 = Release|Any CPU
		{3642183E-EEB1-4BB8-B72B-9B512888726E}.Release|x64.ActiveCfg = Release|Any CPU
		{3642183E-EEB1-4BB8-B72B-9B512888726E}.Release|x64.Build.0 = Release|Any CPU
		{3642183E-EEB1-4BB8-B72B-9B512888726E}.Release|x86.ActiveCfg = Release|Any CPU
		{3642183E-EEB1-4BB8-B72B-9B512888726E}.Release|x86.Build.0 = Release|Any CPU
		{386E7121-EA12-4794-BFD4-4F0F70036985}.Debug|Any CPU.ActiveCfg = Debug|Any CPU
		{386E7121-EA12-4794-BFD4-4F0F70036985}.Debug|Any CPU.Build.0 = Debug|Any CPU
		{386E7121-EA12-4794-BFD4-4F0F70036985}.Debug|x64.ActiveCfg = Debug|Any CPU
		{386E7121-EA12-4794-BFD4-4F0F70036985}.Debug|x64.Build.0 = Debug|Any CPU
		{386E7121-EA12-4794-BFD4-4F0F70036985}.Debug|x86.ActiveCfg = Debug|Any CPU
		{386E7121-EA12-4794-BFD4-4F0F70036985}.Debug|x86.Build.0 = Debug|Any CPU
		{386E7121-EA12-4794-BFD4-4F0F70036985}.Release|Any CPU.ActiveCfg = Release|Any CPU
		{386E7121-EA12-4794-BFD4-4F0F70036985}.Release|Any CPU.Build.0 = Release|Any CPU
		{386E7121-EA12-4794-BFD4-4F0F70036985}.Release|x64.ActiveCfg = Release|Any CPU
		{386E7121-EA12-4794-BFD4-4F0F70036985}.Release|x64.Build.0 = Release|Any CPU
		{386E7121-EA12-4794-BFD4-4F0F70036985}.Release|x86.ActiveCfg = Release|Any CPU
		{386E7121-EA12-4794-BFD4-4F0F70036985}.Release|x86.Build.0 = Release|Any CPU
		{B7D83A74-E85F-C1D4-32E4-035EC30BA836}.Debug|Any CPU.ActiveCfg = Debug|Any CPU
		{B7D83A74-E85F-C1D4-32E4-035EC30BA836}.Debug|Any CPU.Build.0 = Debug|Any CPU
		{B7D83A74-E85F-C1D4-32E4-035EC30BA836}.Debug|x64.ActiveCfg = Debug|Any CPU
		{B7D83A74-E85F-C1D4-32E4-035EC30BA836}.Debug|x64.Build.0 = Debug|Any CPU
		{B7D83A74-E85F-C1D4-32E4-035EC30BA836}.Debug|x86.ActiveCfg = Debug|Any CPU
		{B7D83A74-E85F-C1D4-32E4-035EC30BA836}.Debug|x86.Build.0 = Debug|Any CPU
		{B7D83A74-E85F-C1D4-32E4-035EC30BA836}.Release|Any CPU.ActiveCfg = Release|Any CPU
		{B7D83A74-E85F-C1D4-32E4-035EC30BA836}.Release|Any CPU.Build.0 = Release|Any CPU
		{B7D83A74-E85F-C1D4-32E4-035EC30BA836}.Release|x64.ActiveCfg = Release|Any CPU
		{B7D83A74-E85F-C1D4-32E4-035EC30BA836}.Release|x64.Build.0 = Release|Any CPU
		{B7D83A74-E85F-C1D4-32E4-035EC30BA836}.Release|x86.ActiveCfg = Release|Any CPU
		{B7D83A74-E85F-C1D4-32E4-035EC30BA836}.Release|x86.Build.0 = Release|Any CPU
	EndGlobalSection
	GlobalSection(SolutionProperties) = preSolution
		HideSolutionNode = FALSE
	EndGlobalSection
	GlobalSection(NestedProjects) = preSolution
		{AA04F183-FD0B-453A-B798-62ED0F7AD335} = {9FECA2A8-11D6-42E0-8D6C-4DD3F0B5E7CF}
	EndGlobalSection
	GlobalSection(ExtensibilityGlobals) = postSolution
		SolutionGuid = {0B07721A-FA41-4301-8CBA-3F12C4A2B8AD}
	EndGlobalSection
EndGlobal
